// !$*UTF8*$!
{
	archiveVersion = 1;
	classes = {
	};
	objectVersion = 56;
	objects = {

/* Begin PBXBuildFile section */
		AB0D8BF42A5D3D1700351E63 /* AppDelegate.swift in Sources */ = {isa = PBXBuildFile; fileRef = AB0D8BF32A5D3D1700351E63 /* AppDelegate.swift */; };
		AB0D8BF62A5D3D1700351E63 /* SceneDelegate.swift in Sources */ = {isa = PBXBuildFile; fileRef = AB0D8BF52A5D3D1700351E63 /* SceneDelegate.swift */; };
		AB0D8BF82A5D3D1700351E63 /* PDFViewerViewController.swift in Sources */ = {isa = PBXBuildFile; fileRef = AB0D8BF72A5D3D1700351E63 /* PDFViewerViewController.swift */; };
		AB0D8BFD2A5D3D1B00351E63 /* Assets.xcassets in Resources */ = {isa = PBXBuildFile; fileRef = AB0D8BFC2A5D3D1B00351E63 /* Assets.xcassets */; };
		AB0D8C002A5D3D1B00351E63 /* LaunchScreen.storyboard in Resources */ = {isa = PBXBuildFile; fileRef = AB0D8BFE2A5D3D1B00351E63 /* LaunchScreen.storyboard */; };
		AB0D8C0A2A5D3E8900351E63 /* UIView+Constraints.swift in Sources */ = {isa = PBXBuildFile; fileRef = AB0D8C082A5D3E8900351E63 /* UIView+Constraints.swift */; };
		AB0D8C0B2A5D3E8900351E63 /* UIColor+Ext.swift in Sources */ = {isa = PBXBuildFile; fileRef = AB0D8C092A5D3E8900351E63 /* UIColor+Ext.swift */; };
/* End PBXBuildFile section */

/* Begin PBXFileReference section */
		AB0D8BF02A5D3D1700351E63 /* MedialAssignment.app */ = {isa = PBXFileReference; explicitFileType = wrapper.application; includeInIndex = 0; path = MedialAssignment.app; sourceTree = BUILT_PRODUCTS_DIR; };
		AB0D8BF32A5D3D1700351E63 /* AppDelegate.swift */ = {isa = PBXFileReference; lastKnownFileType = sourcecode.swift; path = AppDelegate.swift; sourceTree = "<group>"; };
		AB0D8BF52A5D3D1700351E63 /* SceneDelegate.swift */ = {isa = PBXFileReference; lastKnownFileType = sourcecode.swift; path = SceneDelegate.swift; sourceTree = "<group>"; };
		AB0D8BF72A5D3D1700351E63 /* PDFViewerViewController.swift */ = {isa = PBXFileReference; lastKnownFileType = sourcecode.swift; path = PDFViewerViewController.swift; sourceTree = "<group>"; };
		AB0D8BFC2A5D3D1B00351E63 /* Assets.xcassets */ = {isa = PBXFileReference; lastKnownFileType = folder.assetcatalog; path = Assets.xcassets; sourceTree = "<group>"; };
		AB0D8BFF2A5D3D1B00351E63 /* Base */ = {isa = PBXFileReference; lastKnownFileType = file.storyboard; name = Base; path = Base.lproj/LaunchScreen.storyboard; sourceTree = "<group>"; };
		AB0D8C012A5D3D1B00351E63 /* Info.plist */ = {isa = PBXFileReference; lastKnownFileType = text.plist.xml; name = Info.plist; path = MedialAssignment/Resources/Info.plist; sourceTree = SOURCE_ROOT; };
		AB0D8C082A5D3E8900351E63 /* UIView+Constraints.swift */ = {isa = PBXFileReference; fileEncoding = 4; lastKnownFileType = sourcecode.swift; path = "UIView+Constraints.swift"; sourceTree = "<group>"; };
		AB0D8C092A5D3E8900351E63 /* UIColor+Ext.swift */ = {isa = PBXFileReference; fileEncoding = 4; lastKnownFileType = sourcecode.swift; path = "UIColor+Ext.swift"; sourceTree = "<group>"; };
/* End PBXFileReference section */

/* Begin PBXFrameworksBuildPhase section */
		AB0D8BED2A5D3D1700351E63 /* Frameworks */ = {
			isa = PBXFrameworksBuildPhase;
			buildActionMask = 2147483647;
			files = (
			);
			runOnlyForDeploymentPostprocessing = 0;
		};
/* End PBXFrameworksBuildPhase section */

/* Begin PBXGroup section */
		AB0D8BE72A5D3D1700351E63 = {
			isa = PBXGroup;
			children = (
				AB0D8BF22A5D3D1700351E63 /* MedialAssignment */,
				AB0D8BF12A5D3D1700351E63 /* Products */,
			);
			sourceTree = "<group>";
		};
		AB0D8BF12A5D3D1700351E63 /* Products */ = {
			isa = PBXGroup;
			children = (
				AB0D8BF02A5D3D1700351E63 /* MedialAssignment.app */,
			);
			name = Products;
			sourceTree = "<group>";
		};
		AB0D8BF22A5D3D1700351E63 /* MedialAssignment */ = {
			isa = PBXGroup;
			children = (
				AB0D8C0C2A5D3EAD00351E63 /* ViewControllers */,
				AB0D8C0D2A5D3F1100351E63 /* Core */,
				AB0D8C072A5D3E8900351E63 /* Extensions */,
				AB0D8C0E2A5D3F6300351E63 /* Resources */,
			);
			path = MedialAssignment;
			sourceTree = "<group>";
		};
		AB0D8C072A5D3E8900351E63 /* Extensions */ = {
			isa = PBXGroup;
			children = (
				AB0D8C082A5D3E8900351E63 /* UIView+Constraints.swift */,
				AB0D8C092A5D3E8900351E63 /* UIColor+Ext.swift */,
			);
			path = Extensions;
			sourceTree = "<group>";
		};
		AB0D8C0C2A5D3EAD00351E63 /* ViewControllers */ = {
			isa = PBXGroup;
			children = (
				AB0D8BF72A5D3D1700351E63 /* PDFViewerViewController.swift */,
			);
			path = ViewControllers;
			sourceTree = "<group>";
		};
		AB0D8C0D2A5D3F1100351E63 /* Core */ = {
			isa = PBXGroup;
			children = (
				AB0D8BF32A5D3D1700351E63 /* AppDelegate.swift */,
				AB0D8BF52A5D3D1700351E63 /* SceneDelegate.swift */,
			);
			path = Core;
			sourceTree = "<group>";
		};
		AB0D8C0E2A5D3F6300351E63 /* Resources */ = {
			isa = PBXGroup;
			children = (
				AB0D8BFC2A5D3D1B00351E63 /* Assets.xcassets */,
				AB0D8BFE2A5D3D1B00351E63 /* LaunchScreen.storyboard */,
				AB0D8C012A5D3D1B00351E63 /* Info.plist */,
			);
			path = Resources;
			sourceTree = "<group>";
		};
/* End PBXGroup section */

/* Begin PBXNativeTarget section */
		AB0D8BEF2A5D3D1700351E63 /* MedialAssignment */ = {
			isa = PBXNativeTarget;
			buildConfigurationList = AB0D8C042A5D3D1B00351E63 /* Build configuration list for PBXNativeTarget "MedialAssignment" */;
			buildPhases = (
				AB0D8BEC2A5D3D1700351E63 /* Sources */,
				AB0D8BED2A5D3D1700351E63 /* Frameworks */,
				AB0D8BEE2A5D3D1700351E63 /* Resources */,
			);
			buildRules = (
			);
			dependencies = (
			);
			name = MedialAssignment;
			productName = MedialAssignment;
			productReference = AB0D8BF02A5D3D1700351E63 /* MedialAssignment.app */;
			productType = "com.apple.product-type.application";
		};
/* End PBXNativeTarget section */

/* Begin PBXProject section */
		AB0D8BE82A5D3D1700351E63 /* Project object */ = {
			isa = PBXProject;
			attributes = {
				BuildIndependentTargetsInParallel = 1;
				LastSwiftUpdateCheck = 1420;
				LastUpgradeCheck = 1420;
				TargetAttributes = {
					AB0D8BEF2A5D3D1700351E63 = {
						CreatedOnToolsVersion = 14.2;
					};
				};
			};
			buildConfigurationList = AB0D8BEB2A5D3D1700351E63 /* Build configuration list for PBXProject "MedialAssignment" */;
			compatibilityVersion = "Xcode 14.0";
			developmentRegion = en;
			hasScannedForEncodings = 0;
			knownRegions = (
				en,
				Base,
			);
			mainGroup = AB0D8BE72A5D3D1700351E63;
			productRefGroup = AB0D8BF12A5D3D1700351E63 /* Products */;
			projectDirPath = "";
			projectRoot = "";
			targets = (
				AB0D8BEF2A5D3D1700351E63 /* MedialAssignment */,
			);
		};
/* End PBXProject section */

/* Begin PBXResourcesBuildPhase section */
		AB0D8BEE2A5D3D1700351E63 /* Resources */ = {
			isa = PBXResourcesBuildPhase;
			buildActionMask = 2147483647;
			files = (
				AB0D8C002A5D3D1B00351E63 /* LaunchScreen.storyboard in Resources */,
				AB0D8BFD2A5D3D1B00351E63 /* Assets.xcassets in Resources */,
			);
			runOnlyForDeploymentPostprocessing = 0;
		};
/* End PBXResourcesBuildPhase section */

/* Begin PBXSourcesBuildPhase section */
		AB0D8BEC2A5D3D1700351E63 /* Sources */ = {
			isa = PBXSourcesBuildPhase;
			buildActionMask = 2147483647;
			files = (
				AB0D8BF82A5D3D1700351E63 /* PDFViewerViewController.swift in Sources */,
				AB0D8BF42A5D3D1700351E63 /* AppDelegate.swift in Sources */,
				AB0D8C0B2A5D3E8900351E63 /* UIColor+Ext.swift in Sources */,
				AB0D8BF62A5D3D1700351E63 /* SceneDelegate.swift in Sources */,
				AB0D8C0A2A5D3E8900351E63 /* UIView+Constraints.swift in Sources */,
			);
			runOnlyForDeploymentPostprocessing = 0;
		};
/* End PBXSourcesBuildPhase section */

/* Begin PBXVariantGroup section */
		AB0D8BFE2A5D3D1B00351E63 /* LaunchScreen.storyboard */ = {
			isa = PBXVariantGroup;
			children = (
				AB0D8BFF2A5D3D1B00351E63 /* Base */,
			);
			name = LaunchScreen.storyboard;
			sourceTree = "<group>";
		};
/* End PBXVariantGroup section */

/* Begin XCBuildConfiguration section */
		AB0D8C022A5D3D1B00351E63 /* Debug */ = {
			isa = XCBuildConfiguration;
			buildSettings = {
				ALWAYS_SEARCH_USER_PATHS = NO;
				CLANG_ANALYZER_NONNULL = YES;
				CLANG_ANALYZER_NUMBER_OBJECT_CONVERSION = YES_AGGRESSIVE;
				CLANG_CXX_LANGUAGE_STANDARD = "gnu++20";
				CLANG_ENABLE_MODULES = YES;
				CLANG_ENABLE_OBJC_ARC = YES;
				CLANG_ENABLE_OBJC_WEAK = YES;
				CLANG_WARN_BLOCK_CAPTURE_AUTORELEASING = YES;
				CLANG_WARN_BOOL_CONVERSION = YES;
				CLANG_WARN_COMMA = YES;
				CLANG_WARN_CONSTANT_CONVERSION = YES;
				CLANG_WARN_DEPRECATED_OBJC_IMPLEMENTATIONS = YES;
				CLANG_WARN_DIRECT_OBJC_ISA_USAGE = YES_ERROR;
				CLANG_WARN_DOCUMENTATION_COMMENTS = YES;
				CLANG_WARN_EMPTY_BODY = YES;
				CLANG_WARN_ENUM_CONVERSION = YES;
				CLANG_WARN_INFINITE_RECURSION = YES;
				CLANG_WARN_INT_CONVERSION = YES;
				CLANG_WARN_NON_LITERAL_NULL_CONVERSION = YES;
				CLANG_WARN_OBJC_IMPLICIT_RETAIN_SELF = YES;
				CLANG_WARN_OBJC_LITERAL_CONVERSION = YES;
				CLANG_WARN_OBJC_ROOT_CLASS = YES_ERROR;
				CLANG_WARN_QUOTED_INCLUDE_IN_FRAMEWORK_HEADER = YES;
				CLANG_WARN_RANGE_LOOP_ANALYSIS = YES;
				CLANG_WARN_STRICT_PROTOTYPES = YES;
				CLANG_WARN_SUSPICIOUS_MOVE = YES;
				CLANG_WARN_UNGUARDED_AVAILABILITY = YES_AGGRESSIVE;
				CLANG_WARN_UNREACHABLE_CODE = YES;
				CLANG_WARN__DUPLICATE_METHOD_MATCH = YES;
				COPY_PHASE_STRIP = NO;
				DEBUG_INFORMATION_FORMAT = dwarf;
				ENABLE_STRICT_OBJC_MSGSEND = YES;
				ENABLE_TESTABILITY = YES;
				GCC_C_LANGUAGE_STANDARD = gnu11;
				GCC_DYNAMIC_NO_PIC = NO;
				GCC_NO_COMMON_BLOCKS = YES;
				GCC_OPTIMIZATION_LEVEL = 0;
				GCC_PREPROCESSOR_DEFINITIONS = (
					"DEBUG=1",
					"$(inherited)",
				);
				GCC_WARN_64_TO_32_BIT_CONVERSION = YES;
				GCC_WARN_ABOUT_RETURN_TYPE = YES_ERROR;
				GCC_WARN_UNDECLARED_SELECTOR = YES;
				GCC_WARN_UNINITIALIZED_AUTOS = YES_AGGRESSIVE;
				GCC_WARN_UNUSED_FUNCTION = YES;
				GCC_WARN_UNUSED_VARIABLE = YES;
				IPHONEOS_DEPLOYMENT_TARGET = 16.2;
				MTL_ENABLE_DEBUG_INFO = INCLUDE_SOURCE;
				MTL_FAST_MATH = YES;
				ONLY_ACTIVE_ARCH = YES;
				SDKROOT = iphoneos;
				SWIFT_ACTIVE_COMPILATION_CONDITIONS = DEBUG;
				SWIFT_OPTIMIZATION_LEVEL = "-Onone";
			};
			name = Debug;
		};
		AB0D8C032A5D3D1B00351E63 /* Release */ = {
			isa = XCBuildConfiguration;
			buildSettings = {
				ALWAYS_SEARCH_USER_PATHS = NO;
				CLANG_ANALYZER_NONNULL = YES;
				CLANG_ANALYZER_NUMBER_OBJECT_CONVERSION = YES_AGGRESSIVE;
				CLANG_CXX_LANGUAGE_STANDARD = "gnu++20";
				CLANG_ENABLE_MODULES = YES;
				CLANG_ENABLE_OBJC_ARC = YES;
				CLANG_ENABLE_OBJC_WEAK = YES;
				CLANG_WARN_BLOCK_CAPTURE_AUTORELEASING = YES;
				CLANG_WARN_BOOL_CONVERSION = YES;
				CLANG_WARN_COMMA = YES;
				CLANG_WARN_CONSTANT_CONVERSION = YES;
				CLANG_WARN_DEPRECATED_OBJC_IMPLEMENTATIONS = YES;
				CLANG_WARN_DIRECT_OBJC_ISA_USAGE = YES_ERROR;
				CLANG_WARN_DOCUMENTATION_COMMENTS = YES;
				CLANG_WARN_EMPTY_BODY = YES;
				CLANG_WARN_ENUM_CONVERSION = YES;
				CLANG_WARN_INFINITE_RECURSION = YES;
				CLANG_WARN_INT_CONVERSION = YES;
				CLANG_WARN_NON_LITERAL_NULL_CONVERSION = YES;
				CLANG_WARN_OBJC_IMPLICIT_RETAIN_SELF = YES;
				CLANG_WARN_OBJC_LITERAL_CONVERSION = YES;
				CLANG_WARN_OBJC_ROOT_CLASS = YES_ERROR;
				CLANG_WARN_QUOTED_INCLUDE_IN_FRAMEWORK_HEADER = YES;
				CLANG_WARN_RANGE_LOOP_ANALYSIS = YES;
				CLANG_WARN_STRICT_PROTOTYPES = YES;
				CLANG_WARN_SUSPICIOUS_MOVE = YES;
				CLANG_WARN_UNGUARDED_AVAILABILITY = YES_AGGRESSIVE;
				CLANG_WARN_UNREACHABLE_CODE = YES;
				CLANG_WARN__DUPLICATE_METHOD_MATCH = YES;
				COPY_PHASE_STRIP = NO;
				DEBUG_INFORMATION_FORMAT = "dwarf-with-dsym";
				ENABLE_NS_ASSERTIONS = NO;
				ENABLE_STRICT_OBJC_MSGSEND = YES;
				GCC_C_LANGUAGE_STANDARD = gnu11;
				GCC_NO_COMMON_BLOCKS = YES;
				GCC_WARN_64_TO_32_BIT_CONVERSION = YES;
				GCC_WARN_ABOUT_RETURN_TYPE = YES_ERROR;
				GCC_WARN_UNDECLARED_SELECTOR = YES;
				GCC_WARN_UNINITIALIZED_AUTOS = YES_AGGRESSIVE;
				GCC_WARN_UNUSED_FUNCTION = YES;
				GCC_WARN_UNUSED_VARIABLE = YES;
				IPHONEOS_DEPLOYMENT_TARGET = 16.2;
				MTL_ENABLE_DEBUG_INFO = NO;
				MTL_FAST_MATH = YES;
				SDKROOT = iphoneos;
				SWIFT_COMPILATION_MODE = wholemodule;
				SWIFT_OPTIMIZATION_LEVEL = "-O";
				VALIDATE_PRODUCT = YES;
			};
			name = Release;
		};
		AB0D8C052A5D3D1B00351E63 /* Debug */ = {
			isa = XCBuildConfiguration;
			buildSettings = {
				ASSETCATALOG_COMPILER_APPICON_NAME = AppIcon;
				ASSETCATALOG_COMPILER_GLOBAL_ACCENT_COLOR_NAME = AccentColor;
				CODE_SIGN_STYLE = Automatic;
				CURRENT_PROJECT_VERSION = 1;
				DEVELOPMENT_TEAM = K686RX6759;
				GENERATE_INFOPLIST_FILE = YES;
				INFOPLIST_FILE = MedialAssignment/Resources/Info.plist;
				INFOPLIST_KEY_UIApplicationSupportsIndirectInputEvents = YES;
				INFOPLIST_KEY_UILaunchStoryboardName = LaunchScreen;
				INFOPLIST_KEY_UIMainStoryboardFile = "";
				INFOPLIST_KEY_UISupportedInterfaceOrientations_iPad = "UIInterfaceOrientationPortrait UIInterfaceOrientationPortraitUpsideDown UIInterfaceOrientationLandscapeLeft UIInterfaceOrientationLandscapeRight";
				INFOPLIST_KEY_UISupportedInterfaceOrientations_iPhone = "UIInterfaceOrientationPortrait UIInterfaceOrientationLandscapeLeft UIInterfaceOrientationLandscapeRight";
				LD_RUNPATH_SEARCH_PATHS = (
					"$(inherited)",
					"@executable_path/Frameworks",
				);
				MARKETING_VERSION = 1.0;
				PRODUCT_BUNDLE_IDENTIFIER = com.aaditya.MedialAssignment;
				PRODUCT_NAME = "$(TARGET_NAME)";
				SWIFT_EMIT_LOC_STRINGS = YES;
				SWIFT_VERSION = 5.0;
				TARGETED_DEVICE_FAMILY = "1,2";
			};
			name = Debug;
		};
		AB0D8C062A5D3D1B00351E63 /* Release */ = {
			isa = XCBuildConfiguration;
			buildSettings = {
				ASSETCATALOG_COMPILER_APPICON_NAME = AppIcon;
				ASSETCATALOG_COMPILER_GLOBAL_ACCENT_COLOR_NAME = AccentColor;
				CODE_SIGN_STYLE = Automatic;
				CURRENT_PROJECT_VERSION = 1;
				DEVELOPMENT_TEAM = K686RX6759;
				GENERATE_INFOPLIST_FILE = YES;
				INFOPLIST_FILE = MedialAssignment/Resources/Info.plist;
				INFOPLIST_KEY_UIApplicationSupportsIndirectInputEvents = YES;
				INFOPLIST_KEY_UILaunchStoryboardName = LaunchScreen;
				INFOPLIST_KEY_UIMainStoryboardFile = "";
				INFOPLIST_KEY_UISupportedInterfaceOrientations_iPad = "UIInterfaceOrientationPortrait UIInterfaceOrientationPortraitUpsideDown UIInterfaceOrientationLandscapeLeft UIInterfaceOrientationLandscapeRight";
				INFOPLIST_KEY_UISupportedInterfaceOrientations_iPhone = "UIInterfaceOrientationPortrait UIInterfaceOrientationLandscapeLeft UIInterfaceOrientationLandscapeRight";
				LD_RUNPATH_SEARCH_PATHS = (
					"$(inherited)",
					"@executable_path/Frameworks",
				);
				MARKETING_VERSION = 1.0;
				PRODUCT_BUNDLE_IDENTIFIER = com.aaditya.MedialAssignment;
				PRODUCT_NAME = "$(TARGET_NAME)";
				SWIFT_EMIT_LOC_STRINGS = YES;
				SWIFT_VERSION = 5.0;
				TARGETED_DEVICE_FAMILY = "1,2";
			};
			name = Release;
		};
/* End XCBuildConfiguration section */

/* Begin XCConfigurationList section */
		AB0D8BEB2A5D3D1700351E63 /* Build configuration list for PBXProject "MedialAssignment" */ = {
			isa = XCConfigurationList;
			buildConfigurations = (
				AB0D8C022A5D3D1B00351E63 /* Debug */,
				AB0D8C032A5D3D1B00351E63 /* Release */,
			);
			defaultConfigurationIsVisible = 0;
			defaultConfigurationName = Release;
		};
		AB0D8C042A5D3D1B00351E63 /* Build configuration list for PBXNativeTarget "MedialAssignment" */ = {
			isa = XCConfigurationList;
			buildConfigurations = (
				AB0D8C052A5D3D1B00351E63 /* Debug */,
				AB0D8C062A5D3D1B00351E63 /* Release */,
			);
			defaultConfigurationIsVisible = 0;
			defaultConfigurationName = Release;
		};
/* End XCConfigurationList section */
	};
	rootObject = AB0D8BE82A5D3D1700351E63 /* Project object */;
}
